// !$*UTF8*$!
{
	archiveVersion = 1;
	classes = {
	};
	objectVersion = 56;
	objects = {

/* Begin PBXBuildFile section */
		6E57AC5B2C0FBF3D0057B345 /* EditPortfolioView.swift in Sources */ = {isa = PBXBuildFile; fileRef = 6E57AC5A2C0FBF3D0057B345 /* EditPortfolioView.swift */; };
		6E57AC5F2C0FC09B0057B345 /* CoinLogoView.swift in Sources */ = {isa = PBXBuildFile; fileRef = 6E57AC5E2C0FC09B0057B345 /* CoinLogoView.swift */; };
		6ECE25C42C0A5649004B6869 /* SwiftfulCryptoApp.swift in Sources */ = {isa = PBXBuildFile; fileRef = 6ECE25C32C0A5649004B6869 /* SwiftfulCryptoApp.swift */; };
		6ECE25C62C0A5649004B6869 /* ContentView.swift in Sources */ = {isa = PBXBuildFile; fileRef = 6ECE25C52C0A5649004B6869 /* ContentView.swift */; };
		6ECE25CB2C0A564B004B6869 /* Preview Assets.xcassets in Resources */ = {isa = PBXBuildFile; fileRef = 6ECE25CA2C0A564B004B6869 /* Preview Assets.xcassets */; };
		6ECE25D22C0A56A5004B6869 /* Assets.xcassets in Resources */ = {isa = PBXBuildFile; fileRef = 6ECE25D12C0A56A5004B6869 /* Assets.xcassets */; };
		6ECE25D52C0A56E7004B6869 /* Color.swift in Sources */ = {isa = PBXBuildFile; fileRef = 6ECE25D42C0A56E7004B6869 /* Color.swift */; };
		6ECE25E02C0A57ED004B6869 /* HomeView.swift in Sources */ = {isa = PBXBuildFile; fileRef = 6ECE25DF2C0A57ED004B6869 /* HomeView.swift */; };
		6ECE25E52C0A588C004B6869 /* CircleButtonView.swift in Sources */ = {isa = PBXBuildFile; fileRef = 6ECE25E42C0A588C004B6869 /* CircleButtonView.swift */; };
		6ECE25E72C0A5A74004B6869 /* CircleButtonAnimationView.swift in Sources */ = {isa = PBXBuildFile; fileRef = 6ECE25E62C0A5A74004B6869 /* CircleButtonAnimationView.swift */; };
		6ECE25EA2C0A5CD6004B6869 /* Coin.swift in Sources */ = {isa = PBXBuildFile; fileRef = 6ECE25E92C0A5CD6004B6869 /* Coin.swift */; };
		6ECE25EC2C0A5D8A004B6869 /* CoinRowView.swift in Sources */ = {isa = PBXBuildFile; fileRef = 6ECE25EB2C0A5D8A004B6869 /* CoinRowView.swift */; };
		6ECE25EE2C0A5E12004B6869 /* PreviewProvider.swift in Sources */ = {isa = PBXBuildFile; fileRef = 6ECE25ED2C0A5E12004B6869 /* PreviewProvider.swift */; };
		6ECE25F02C0A5FA7004B6869 /* Double.swift in Sources */ = {isa = PBXBuildFile; fileRef = 6ECE25EF2C0A5FA7004B6869 /* Double.swift */; };
		6ECE25F22C0A651F004B6869 /* HomeViewModel.swift in Sources */ = {isa = PBXBuildFile; fileRef = 6ECE25F12C0A651F004B6869 /* HomeViewModel.swift */; };
		6ECE25F52C0A69A3004B6869 /* CoinDataService.swift in Sources */ = {isa = PBXBuildFile; fileRef = 6ECE25F42C0A69A3004B6869 /* CoinDataService.swift */; };
		6ECE25F82C0A7030004B6869 /* NetworkingManager.swift in Sources */ = {isa = PBXBuildFile; fileRef = 6ECE25F72C0A7030004B6869 /* NetworkingManager.swift */; };
		6ECE25FB2C0A7826004B6869 /* CoinImageView.swift in Sources */ = {isa = PBXBuildFile; fileRef = 6ECE25FA2C0A7826004B6869 /* CoinImageView.swift */; };
		6ECE25FD2C0A7858004B6869 /* CoinImageViewModel.swift in Sources */ = {isa = PBXBuildFile; fileRef = 6ECE25FC2C0A7858004B6869 /* CoinImageViewModel.swift */; };
		6ECE25FF2C0A795A004B6869 /* CoinImageService.swift in Sources */ = {isa = PBXBuildFile; fileRef = 6ECE25FE2C0A795A004B6869 /* CoinImageService.swift */; };
		6ECE26012C0A7F61004B6869 /* LocalFileManager.swift in Sources */ = {isa = PBXBuildFile; fileRef = 6ECE26002C0A7F61004B6869 /* LocalFileManager.swift */; };
		6ECE26032C0FA78C004B6869 /* SearchBarView.swift in Sources */ = {isa = PBXBuildFile; fileRef = 6ECE26022C0FA78C004B6869 /* SearchBarView.swift */; };
		6ECE26052C0FA9B2004B6869 /* UIApplication.swift in Sources */ = {isa = PBXBuildFile; fileRef = 6ECE26042C0FA9B2004B6869 /* UIApplication.swift */; };
		6ECE26072C0FACEE004B6869 /* Statistic.swift in Sources */ = {isa = PBXBuildFile; fileRef = 6ECE26062C0FACEE004B6869 /* Statistic.swift */; };
		6ECE26092C0FAD43004B6869 /* StatisticView.swift in Sources */ = {isa = PBXBuildFile; fileRef = 6ECE26082C0FAD43004B6869 /* StatisticView.swift */; };
		6ECE260B2C0FAF0A004B6869 /* HomeStatisticsView.swift in Sources */ = {isa = PBXBuildFile; fileRef = 6ECE260A2C0FAF0A004B6869 /* HomeStatisticsView.swift */; };
		6ECE260D2C0FB085004B6869 /* MarketData.swift in Sources */ = {isa = PBXBuildFile; fileRef = 6ECE260C2C0FB085004B6869 /* MarketData.swift */; };
		6ECE260F2C0FB19C004B6869 /* MarketDataService.swift in Sources */ = {isa = PBXBuildFile; fileRef = 6ECE260E2C0FB19C004B6869 /* MarketDataService.swift */; };
		6EDB20422C110263001EB9E8 /* PortfolioContainer.xcdatamodeld in Sources */ = {isa = PBXBuildFile; fileRef = 6EDB20402C110263001EB9E8 /* PortfolioContainer.xcdatamodeld */; };
		6EDB20442C110299001EB9E8 /* PortfolioDataService.swift in Sources */ = {isa = PBXBuildFile; fileRef = 6EDB20432C110299001EB9E8 /* PortfolioDataService.swift */; };
		6EDB20462C1125AD001EB9E8 /* HapticManager.swift in Sources */ = {isa = PBXBuildFile; fileRef = 6EDB20452C1125AD001EB9E8 /* HapticManager.swift */; };
/* End PBXBuildFile section */

/* Begin PBXFileReference section */
		6E57AC5A2C0FBF3D0057B345 /* EditPortfolioView.swift */ = {isa = PBXFileReference; lastKnownFileType = sourcecode.swift; path = EditPortfolioView.swift; sourceTree = "<group>"; };
		6E57AC5E2C0FC09B0057B345 /* CoinLogoView.swift */ = {isa = PBXFileReference; lastKnownFileType = sourcecode.swift; path = CoinLogoView.swift; sourceTree = "<group>"; };
		6ECE25C02C0A5649004B6869 /* SwiftfulCrypto.app */ = {isa = PBXFileReference; explicitFileType = wrapper.application; includeInIndex = 0; path = SwiftfulCrypto.app; sourceTree = BUILT_PRODUCTS_DIR; };
		6ECE25C32C0A5649004B6869 /* SwiftfulCryptoApp.swift */ = {isa = PBXFileReference; lastKnownFileType = sourcecode.swift; path = SwiftfulCryptoApp.swift; sourceTree = "<group>"; };
		6ECE25C52C0A5649004B6869 /* ContentView.swift */ = {isa = PBXFileReference; lastKnownFileType = sourcecode.swift; path = ContentView.swift; sourceTree = "<group>"; };
		6ECE25CA2C0A564B004B6869 /* Preview Assets.xcassets */ = {isa = PBXFileReference; lastKnownFileType = folder.assetcatalog; path = "Preview Assets.xcassets"; sourceTree = "<group>"; };
		6ECE25D12C0A56A5004B6869 /* Assets.xcassets */ = {isa = PBXFileReference; lastKnownFileType = folder.assetcatalog; name = Assets.xcassets; path = ../../../../Downloads/Resources/Assets.xcassets; sourceTree = "<group>"; };
		6ECE25D42C0A56E7004B6869 /* Color.swift */ = {isa = PBXFileReference; lastKnownFileType = sourcecode.swift; path = Color.swift; sourceTree = "<group>"; };
		6ECE25DF2C0A57ED004B6869 /* HomeView.swift */ = {isa = PBXFileReference; lastKnownFileType = sourcecode.swift; path = HomeView.swift; sourceTree = "<group>"; };
		6ECE25E42C0A588C004B6869 /* CircleButtonView.swift */ = {isa = PBXFileReference; lastKnownFileType = sourcecode.swift; path = CircleButtonView.swift; sourceTree = "<group>"; };
		6ECE25E62C0A5A74004B6869 /* CircleButtonAnimationView.swift */ = {isa = PBXFileReference; lastKnownFileType = sourcecode.swift; path = CircleButtonAnimationView.swift; sourceTree = "<group>"; };
		6ECE25E92C0A5CD6004B6869 /* Coin.swift */ = {isa = PBXFileReference; lastKnownFileType = sourcecode.swift; path = Coin.swift; sourceTree = "<group>"; };
		6ECE25EB2C0A5D8A004B6869 /* CoinRowView.swift */ = {isa = PBXFileReference; lastKnownFileType = sourcecode.swift; path = CoinRowView.swift; sourceTree = "<group>"; };
		6ECE25ED2C0A5E12004B6869 /* PreviewProvider.swift */ = {isa = PBXFileReference; lastKnownFileType = sourcecode.swift; path = PreviewProvider.swift; sourceTree = "<group>"; };
		6ECE25EF2C0A5FA7004B6869 /* Double.swift */ = {isa = PBXFileReference; lastKnownFileType = sourcecode.swift; path = Double.swift; sourceTree = "<group>"; };
		6ECE25F12C0A651F004B6869 /* HomeViewModel.swift */ = {isa = PBXFileReference; lastKnownFileType = sourcecode.swift; path = HomeViewModel.swift; sourceTree = "<group>"; };
		6ECE25F42C0A69A3004B6869 /* CoinDataService.swift */ = {isa = PBXFileReference; lastKnownFileType = sourcecode.swift; path = CoinDataService.swift; sourceTree = "<group>"; };
		6ECE25F72C0A7030004B6869 /* NetworkingManager.swift */ = {isa = PBXFileReference; lastKnownFileType = sourcecode.swift; path = NetworkingManager.swift; sourceTree = "<group>"; };
		6ECE25FA2C0A7826004B6869 /* CoinImageView.swift */ = {isa = PBXFileReference; lastKnownFileType = sourcecode.swift; path = CoinImageView.swift; sourceTree = "<group>"; };
		6ECE25FC2C0A7858004B6869 /* CoinImageViewModel.swift */ = {isa = PBXFileReference; lastKnownFileType = sourcecode.swift; path = CoinImageViewModel.swift; sourceTree = "<group>"; };
		6ECE25FE2C0A795A004B6869 /* CoinImageService.swift */ = {isa = PBXFileReference; lastKnownFileType = sourcecode.swift; path = CoinImageService.swift; sourceTree = "<group>"; };
		6ECE26002C0A7F61004B6869 /* LocalFileManager.swift */ = {isa = PBXFileReference; lastKnownFileType = sourcecode.swift; path = LocalFileManager.swift; sourceTree = "<group>"; };
		6ECE26022C0FA78C004B6869 /* SearchBarView.swift */ = {isa = PBXFileReference; lastKnownFileType = sourcecode.swift; path = SearchBarView.swift; sourceTree = "<group>"; };
		6ECE26042C0FA9B2004B6869 /* UIApplication.swift */ = {isa = PBXFileReference; lastKnownFileType = sourcecode.swift; path = UIApplication.swift; sourceTree = "<group>"; };
		6ECE26062C0FACEE004B6869 /* Statistic.swift */ = {isa = PBXFileReference; lastKnownFileType = sourcecode.swift; path = Statistic.swift; sourceTree = "<group>"; };
		6ECE26082C0FAD43004B6869 /* StatisticView.swift */ = {isa = PBXFileReference; lastKnownFileType = sourcecode.swift; path = StatisticView.swift; sourceTree = "<group>"; };
		6ECE260A2C0FAF0A004B6869 /* HomeStatisticsView.swift */ = {isa = PBXFileReference; lastKnownFileType = sourcecode.swift; path = HomeStatisticsView.swift; sourceTree = "<group>"; };
		6ECE260C2C0FB085004B6869 /* MarketData.swift */ = {isa = PBXFileReference; lastKnownFileType = sourcecode.swift; path = MarketData.swift; sourceTree = "<group>"; };
		6ECE260E2C0FB19C004B6869 /* MarketDataService.swift */ = {isa = PBXFileReference; lastKnownFileType = sourcecode.swift; path = MarketDataService.swift; sourceTree = "<group>"; };
		6EDB20412C110263001EB9E8 /* PortfolioContainer.xcdatamodel */ = {isa = PBXFileReference; lastKnownFileType = wrapper.xcdatamodel; path = PortfolioContainer.xcdatamodel; sourceTree = "<group>"; };
		6EDB20432C110299001EB9E8 /* PortfolioDataService.swift */ = {isa = PBXFileReference; lastKnownFileType = sourcecode.swift; path = PortfolioDataService.swift; sourceTree = "<group>"; };
		6EDB20452C1125AD001EB9E8 /* HapticManager.swift */ = {isa = PBXFileReference; lastKnownFileType = sourcecode.swift; path = HapticManager.swift; sourceTree = "<group>"; };
/* End PBXFileReference section */

/* Begin PBXFrameworksBuildPhase section */
		6ECE25BD2C0A5649004B6869 /* Frameworks */ = {
			isa = PBXFrameworksBuildPhase;
			buildActionMask = 2147483647;
			files = (
			);
			runOnlyForDeploymentPostprocessing = 0;
		};
/* End PBXFrameworksBuildPhase section */

/* Begin PBXGroup section */
		6ECE25B72C0A5649004B6869 = {
			isa = PBXGroup;
			children = (
				6ECE25C22C0A5649004B6869 /* SwiftfulCrypto */,
				6ECE25C12C0A5649004B6869 /* Products */,
			);
			sourceTree = "<group>";
		};
		6ECE25C12C0A5649004B6869 /* Products */ = {
			isa = PBXGroup;
			children = (
				6ECE25C02C0A5649004B6869 /* SwiftfulCrypto.app */,
			);
			name = Products;
			sourceTree = "<group>";
		};
		6ECE25C22C0A5649004B6869 /* SwiftfulCrypto */ = {
			isa = PBXGroup;
			children = (
				6ECE25C32C0A5649004B6869 /* SwiftfulCryptoApp.swift */,
				6ECE25C52C0A5649004B6869 /* ContentView.swift */,
				6ECE25F62C0A7001004B6869 /* Utilities */,
				6ECE25D32C0A56DF004B6869 /* Extensions */,
				6ECE25F32C0A6977004B6869 /* Services */,
				6ECE25E82C0A5CCB004B6869 /* Models */,
				6ECE25D62C0A57B6004B6869 /* Core */,
				6ECE25D12C0A56A5004B6869 /* Assets.xcassets */,
				6ECE25C92C0A564B004B6869 /* Preview Content */,
			);
			path = SwiftfulCrypto;
			sourceTree = "<group>";
		};
		6ECE25C92C0A564B004B6869 /* Preview Content */ = {
			isa = PBXGroup;
			children = (
				6ECE25CA2C0A564B004B6869 /* Preview Assets.xcassets */,
			);
			path = "Preview Content";
			sourceTree = "<group>";
		};
		6ECE25D32C0A56DF004B6869 /* Extensions */ = {
			isa = PBXGroup;
			children = (
				6ECE25D42C0A56E7004B6869 /* Color.swift */,
				6ECE25EF2C0A5FA7004B6869 /* Double.swift */,
				6ECE25ED2C0A5E12004B6869 /* PreviewProvider.swift */,
				6ECE26042C0FA9B2004B6869 /* UIApplication.swift */,
			);
			path = Extensions;
			sourceTree = "<group>";
		};
		6ECE25D62C0A57B6004B6869 /* Core */ = {
			isa = PBXGroup;
			children = (
				6ECE25E12C0A586F004B6869 /* Components */,
				6ECE25DA2C0A57D8004B6869 /* Home */,
			);
			path = Core;
			sourceTree = "<group>";
		};
		6ECE25DA2C0A57D8004B6869 /* Home */ = {
			isa = PBXGroup;
			children = (
				6ECE25DC2C0A57DC004B6869 /* ViewModels */,
				6ECE25DB2C0A57DA004B6869 /* Views */,
			);
			path = Home;
			sourceTree = "<group>";
		};
		6ECE25DB2C0A57DA004B6869 /* Views */ = {
			isa = PBXGroup;
			children = (
				6ECE25DF2C0A57ED004B6869 /* HomeView.swift */,
				6ECE260A2C0FAF0A004B6869 /* HomeStatisticsView.swift */,
				6ECE25EB2C0A5D8A004B6869 /* CoinRowView.swift */,
				6E57AC5A2C0FBF3D0057B345 /* EditPortfolioView.swift */,
			);
			path = Views;
			sourceTree = "<group>";
		};
		6ECE25DC2C0A57DC004B6869 /* ViewModels */ = {
			isa = PBXGroup;
			children = (
				6ECE25F12C0A651F004B6869 /* HomeViewModel.swift */,
			);
			path = ViewModels;
			sourceTree = "<group>";
		};
		6ECE25E12C0A586F004B6869 /* Components */ = {
			isa = PBXGroup;
			children = (
				6ECE25F92C0A7819004B6869 /* CoinImage */,
				6ECE25E22C0A5877004B6869 /* CircleButton */,
				6ECE26022C0FA78C004B6869 /* SearchBarView.swift */,
				6ECE26082C0FAD43004B6869 /* StatisticView.swift */,
			);
			path = Components;
			sourceTree = "<group>";
		};
		6ECE25E22C0A5877004B6869 /* CircleButton */ = {
			isa = PBXGroup;
			children = (
				6ECE25E42C0A588C004B6869 /* CircleButtonView.swift */,
				6ECE25E62C0A5A74004B6869 /* CircleButtonAnimationView.swift */,
			);
			path = CircleButton;
			sourceTree = "<group>";
		};
		6ECE25E82C0A5CCB004B6869 /* Models */ = {
			isa = PBXGroup;
			children = (
				6ECE25E92C0A5CD6004B6869 /* Coin.swift */,
				6ECE26062C0FACEE004B6869 /* Statistic.swift */,
				6ECE260C2C0FB085004B6869 /* MarketData.swift */,
				6EDB20402C110263001EB9E8 /* PortfolioContainer.xcdatamodeld */,
			);
			path = Models;
			sourceTree = "<group>";
		};
		6ECE25F32C0A6977004B6869 /* Services */ = {
			isa = PBXGroup;
			children = (
				6ECE25F42C0A69A3004B6869 /* CoinDataService.swift */,
				6ECE25FE2C0A795A004B6869 /* CoinImageService.swift */,
				6ECE260E2C0FB19C004B6869 /* MarketDataService.swift */,
				6EDB20432C110299001EB9E8 /* PortfolioDataService.swift */,
			);
			path = Services;
			sourceTree = "<group>";
		};
		6ECE25F62C0A7001004B6869 /* Utilities */ = {
			isa = PBXGroup;
			children = (
				6ECE25F72C0A7030004B6869 /* NetworkingManager.swift */,
				6ECE26002C0A7F61004B6869 /* LocalFileManager.swift */,
				6EDB20452C1125AD001EB9E8 /* HapticManager.swift */,
			);
			path = Utilities;
			sourceTree = "<group>";
		};
		6ECE25F92C0A7819004B6869 /* CoinImage */ = {
			isa = PBXGroup;
			children = (
				6ECE25FA2C0A7826004B6869 /* CoinImageView.swift */,
				6ECE25FC2C0A7858004B6869 /* CoinImageViewModel.swift */,
				6E57AC5E2C0FC09B0057B345 /* CoinLogoView.swift */,
			);
			path = CoinImage;
			sourceTree = "<group>";
		};
/* End PBXGroup section */

/* Begin PBXNativeTarget section */
		6ECE25BF2C0A5649004B6869 /* SwiftfulCrypto */ = {
			isa = PBXNativeTarget;
			buildConfigurationList = 6ECE25CE2C0A564B004B6869 /* Build configuration list for PBXNativeTarget "SwiftfulCrypto" */;
			buildPhases = (
				6ECE25BC2C0A5649004B6869 /* Sources */,
				6ECE25BD2C0A5649004B6869 /* Frameworks */,
				6ECE25BE2C0A5649004B6869 /* Resources */,
			);
			buildRules = (
			);
			dependencies = (
			);
			name = SwiftfulCrypto;
			productName = SwiftfulCrypto;
			productReference = 6ECE25C02C0A5649004B6869 /* SwiftfulCrypto.app */;
			productType = "com.apple.product-type.application";
		};
/* End PBXNativeTarget section */

/* Begin PBXProject section */
		6ECE25B82C0A5649004B6869 /* Project object */ = {
			isa = PBXProject;
			attributes = {
				BuildIndependentTargetsInParallel = 1;
				LastSwiftUpdateCheck = 1530;
				LastUpgradeCheck = 1530;
				TargetAttributes = {
					6ECE25BF2C0A5649004B6869 = {
						CreatedOnToolsVersion = 15.3;
					};
				};
			};
			buildConfigurationList = 6ECE25BB2C0A5649004B6869 /* Build configuration list for PBXProject "SwiftfulCrypto" */;
			compatibilityVersion = "Xcode 14.0";
			developmentRegion = en;
			hasScannedForEncodings = 0;
			knownRegions = (
				en,
				Base,
			);
			mainGroup = 6ECE25B72C0A5649004B6869;
			productRefGroup = 6ECE25C12C0A5649004B6869 /* Products */;
			projectDirPath = "";
			projectRoot = "";
			targets = (
				6ECE25BF2C0A5649004B6869 /* SwiftfulCrypto */,
			);
		};
/* End PBXProject section */

/* Begin PBXResourcesBuildPhase section */
		6ECE25BE2C0A5649004B6869 /* Resources */ = {
			isa = PBXResourcesBuildPhase;
			buildActionMask = 2147483647;
			files = (
				6ECE25CB2C0A564B004B6869 /* Preview Assets.xcassets in Resources */,
				6ECE25D22C0A56A5004B6869 /* Assets.xcassets in Resources */,
			);
			runOnlyForDeploymentPostprocessing = 0;
		};
/* End PBXResourcesBuildPhase section */

/* Begin PBXSourcesBuildPhase section */
		6ECE25BC2C0A5649004B6869 /* Sources */ = {
			isa = PBXSourcesBuildPhase;
			buildActionMask = 2147483647;
			files = (
				6ECE25FD2C0A7858004B6869 /* CoinImageViewModel.swift in Sources */,
				6ECE25F52C0A69A3004B6869 /* CoinDataService.swift in Sources */,
				6ECE25EC2C0A5D8A004B6869 /* CoinRowView.swift in Sources */,
				6ECE260D2C0FB085004B6869 /* MarketData.swift in Sources */,
				6ECE25F22C0A651F004B6869 /* HomeViewModel.swift in Sources */,
				6EDB20422C110263001EB9E8 /* PortfolioContainer.xcdatamodeld in Sources */,
				6ECE26012C0A7F61004B6869 /* LocalFileManager.swift in Sources */,
				6E57AC5B2C0FBF3D0057B345 /* EditPortfolioView.swift in Sources */,
				6ECE25C62C0A5649004B6869 /* ContentView.swift in Sources */,
				6ECE260B2C0FAF0A004B6869 /* HomeStatisticsView.swift in Sources */,
				6ECE25E02C0A57ED004B6869 /* HomeView.swift in Sources */,
				6ECE26092C0FAD43004B6869 /* StatisticView.swift in Sources */,
				6ECE25FB2C0A7826004B6869 /* CoinImageView.swift in Sources */,
				6ECE26052C0FA9B2004B6869 /* UIApplication.swift in Sources */,
				6ECE25C42C0A5649004B6869 /* SwiftfulCryptoApp.swift in Sources */,
				6ECE25E52C0A588C004B6869 /* CircleButtonView.swift in Sources */,
				6ECE26032C0FA78C004B6869 /* SearchBarView.swift in Sources */,
				6E57AC5F2C0FC09B0057B345 /* CoinLogoView.swift in Sources */,
				6EDB20442C110299001EB9E8 /* PortfolioDataService.swift in Sources */,
				6ECE25D52C0A56E7004B6869 /* Color.swift in Sources */,
				6ECE25F82C0A7030004B6869 /* NetworkingManager.swift in Sources */,
				6ECE260F2C0FB19C004B6869 /* MarketDataService.swift in Sources */,
				6ECE25E72C0A5A74004B6869 /* CircleButtonAnimationView.swift in Sources */,
				6ECE25EE2C0A5E12004B6869 /* PreviewProvider.swift in Sources */,
				6EDB20462C1125AD001EB9E8 /* HapticManager.swift in Sources */,
				6ECE25F02C0A5FA7004B6869 /* Double.swift in Sources */,
				6ECE25FF2C0A795A004B6869 /* CoinImageService.swift in Sources */,
				6ECE26072C0FACEE004B6869 /* Statistic.swift in Sources */,
				6ECE25EA2C0A5CD6004B6869 /* Coin.swift in Sources */,
			);
			runOnlyForDeploymentPostprocessing = 0;
		};
/* End PBXSourcesBuildPhase section */

/* Begin XCBuildConfiguration section */
		6ECE25CC2C0A564B004B6869 /* Debug */ = {
			isa = XCBuildConfiguration;
			buildSettings = {
				ALWAYS_SEARCH_USER_PATHS = NO;
				ASSETCATALOG_COMPILER_GENERATE_SWIFT_ASSET_SYMBOL_EXTENSIONS = YES;
				CLANG_ANALYZER_NONNULL = YES;
				CLANG_ANALYZER_NUMBER_OBJECT_CONVERSION = YES_AGGRESSIVE;
				CLANG_CXX_LANGUAGE_STANDARD = "gnu++20";
				CLANG_ENABLE_MODULES = YES;
				CLANG_ENABLE_OBJC_ARC = YES;
				CLANG_ENABLE_OBJC_WEAK = YES;
				CLANG_WARN_BLOCK_CAPTURE_AUTORELEASING = YES;
				CLANG_WARN_BOOL_CONVERSION = YES;
				CLANG_WARN_COMMA = YES;
				CLANG_WARN_CONSTANT_CONVERSION = YES;
				CLANG_WARN_DEPRECATED_OBJC_IMPLEMENTATIONS = YES;
				CLANG_WARN_DIRECT_OBJC_ISA_USAGE = YES_ERROR;
				CLANG_WARN_DOCUMENTATION_COMMENTS = YES;
				CLANG_WARN_EMPTY_BODY = YES;
				CLANG_WARN_ENUM_CONVERSION = YES;
				CLANG_WARN_INFINITE_RECURSION = YES;
				CLANG_WARN_INT_CONVERSION = YES;
				CLANG_WARN_NON_LITERAL_NULL_CONVERSION = YES;
				CLANG_WARN_OBJC_IMPLICIT_RETAIN_SELF = YES;
				CLANG_WARN_OBJC_LITERAL_CONVERSION = YES;
				CLANG_WARN_OBJC_ROOT_CLASS = YES_ERROR;
				CLANG_WARN_QUOTED_INCLUDE_IN_FRAMEWORK_HEADER = YES;
				CLANG_WARN_RANGE_LOOP_ANALYSIS = YES;
				CLANG_WARN_STRICT_PROTOTYPES = YES;
				CLANG_WARN_SUSPICIOUS_MOVE = YES;
				CLANG_WARN_UNGUARDED_AVAILABILITY = YES_AGGRESSIVE;
				CLANG_WARN_UNREACHABLE_CODE = YES;
				CLANG_WARN__DUPLICATE_METHOD_MATCH = YES;
				COPY_PHASE_STRIP = NO;
				DEBUG_INFORMATION_FORMAT = dwarf;
				ENABLE_STRICT_OBJC_MSGSEND = YES;
				ENABLE_TESTABILITY = YES;
				ENABLE_USER_SCRIPT_SANDBOXING = YES;
				GCC_C_LANGUAGE_STANDARD = gnu17;
				GCC_DYNAMIC_NO_PIC = NO;
				GCC_NO_COMMON_BLOCKS = YES;
				GCC_OPTIMIZATION_LEVEL = 0;
				GCC_PREPROCESSOR_DEFINITIONS = (
					"DEBUG=1",
					"$(inherited)",
				);
				GCC_WARN_64_TO_32_BIT_CONVERSION = YES;
				GCC_WARN_ABOUT_RETURN_TYPE = YES_ERROR;
				GCC_WARN_UNDECLARED_SELECTOR = YES;
				GCC_WARN_UNINITIALIZED_AUTOS = YES_AGGRESSIVE;
				GCC_WARN_UNUSED_FUNCTION = YES;
				GCC_WARN_UNUSED_VARIABLE = YES;
				IPHONEOS_DEPLOYMENT_TARGET = 17.4;
				LOCALIZATION_PREFERS_STRING_CATALOGS = YES;
				MTL_ENABLE_DEBUG_INFO = INCLUDE_SOURCE;
				MTL_FAST_MATH = YES;
				ONLY_ACTIVE_ARCH = YES;
				SDKROOT = iphoneos;
				SWIFT_ACTIVE_COMPILATION_CONDITIONS = "DEBUG $(inherited)";
				SWIFT_OPTIMIZATION_LEVEL = "-Onone";
			};
			name = Debug;
		};
		6ECE25CD2C0A564B004B6869 /* Release */ = {
			isa = XCBuildConfiguration;
			buildSettings = {
				ALWAYS_SEARCH_USER_PATHS = NO;
				ASSETCATALOG_COMPILER_GENERATE_SWIFT_ASSET_SYMBOL_EXTENSIONS = YES;
				CLANG_ANALYZER_NONNULL = YES;
				CLANG_ANALYZER_NUMBER_OBJECT_CONVERSION = YES_AGGRESSIVE;
				CLANG_CXX_LANGUAGE_STANDARD = "gnu++20";
				CLANG_ENABLE_MODULES = YES;
				CLANG_ENABLE_OBJC_ARC = YES;
				CLANG_ENABLE_OBJC_WEAK = YES;
				CLANG_WARN_BLOCK_CAPTURE_AUTORELEASING = YES;
				CLANG_WARN_BOOL_CONVERSION = YES;
				CLANG_WARN_COMMA = YES;
				CLANG_WARN_CONSTANT_CONVERSION = YES;
				CLANG_WARN_DEPRECATED_OBJC_IMPLEMENTATIONS = YES;
				CLANG_WARN_DIRECT_OBJC_ISA_USAGE = YES_ERROR;
				CLANG_WARN_DOCUMENTATION_COMMENTS = YES;
				CLANG_WARN_EMPTY_BODY = YES;
				CLANG_WARN_ENUM_CONVERSION = YES;
				CLANG_WARN_INFINITE_RECURSION = YES;
				CLANG_WARN_INT_CONVERSION = YES;
				CLANG_WARN_NON_LITERAL_NULL_CONVERSION = YES;
				CLANG_WARN_OBJC_IMPLICIT_RETAIN_SELF = YES;
				CLANG_WARN_OBJC_LITERAL_CONVERSION = YES;
				CLANG_WARN_OBJC_ROOT_CLASS = YES_ERROR;
				CLANG_WARN_QUOTED_INCLUDE_IN_FRAMEWORK_HEADER = YES;
				CLANG_WARN_RANGE_LOOP_ANALYSIS = YES;
				CLANG_WARN_STRICT_PROTOTYPES = YES;
				CLANG_WARN_SUSPICIOUS_MOVE = YES;
				CLANG_WARN_UNGUARDED_AVAILABILITY = YES_AGGRESSIVE;
				CLANG_WARN_UNREACHABLE_CODE = YES;
				CLANG_WARN__DUPLICATE_METHOD_MATCH = YES;
				COPY_PHASE_STRIP = NO;
				DEBUG_INFORMATION_FORMAT = "dwarf-with-dsym";
				ENABLE_NS_ASSERTIONS = NO;
				ENABLE_STRICT_OBJC_MSGSEND = YES;
				ENABLE_USER_SCRIPT_SANDBOXING = YES;
				GCC_C_LANGUAGE_STANDARD = gnu17;
				GCC_NO_COMMON_BLOCKS = YES;
				GCC_WARN_64_TO_32_BIT_CONVERSION = YES;
				GCC_WARN_ABOUT_RETURN_TYPE = YES_ERROR;
				GCC_WARN_UNDECLARED_SELECTOR = YES;
				GCC_WARN_UNINITIALIZED_AUTOS = YES_AGGRESSIVE;
				GCC_WARN_UNUSED_FUNCTION = YES;
				GCC_WARN_UNUSED_VARIABLE = YES;
				IPHONEOS_DEPLOYMENT_TARGET = 17.4;
				LOCALIZATION_PREFERS_STRING_CATALOGS = YES;
				MTL_ENABLE_DEBUG_INFO = NO;
				MTL_FAST_MATH = YES;
				SDKROOT = iphoneos;
				SWIFT_COMPILATION_MODE = wholemodule;
				VALIDATE_PRODUCT = YES;
			};
			name = Release;
		};
		6ECE25CF2C0A564B004B6869 /* Debug */ = {
			isa = XCBuildConfiguration;
			buildSettings = {
				ASSETCATALOG_COMPILER_APPICON_NAME = AppIcon;
				ASSETCATALOG_COMPILER_GLOBAL_ACCENT_COLOR_NAME = AccentColor;
				CODE_SIGN_STYLE = Automatic;
				CURRENT_PROJECT_VERSION = 1;
				DEVELOPMENT_ASSET_PATHS = "\"SwiftfulCrypto/Preview Content\"";
				DEVELOPMENT_TEAM = NP44YMLKGT;
				ENABLE_PREVIEWS = YES;
				GENERATE_INFOPLIST_FILE = YES;
				INFOPLIST_KEY_CFBundleDisplayName = "Crypto Tracker";
				INFOPLIST_KEY_UIApplicationSceneManifest_Generation = YES;
				INFOPLIST_KEY_UIApplicationSupportsIndirectInputEvents = YES;
				INFOPLIST_KEY_UILaunchScreen_Generation = YES;
				INFOPLIST_KEY_UISupportedInterfaceOrientations_iPad = "UIInterfaceOrientationPortrait UIInterfaceOrientationPortraitUpsideDown UIInterfaceOrientationLandscapeLeft UIInterfaceOrientationLandscapeRight";
				INFOPLIST_KEY_UISupportedInterfaceOrientations_iPhone = "UIInterfaceOrientationPortrait UIInterfaceOrientationLandscapeLeft UIInterfaceOrientationLandscapeRight";
				LD_RUNPATH_SEARCH_PATHS = (
					"$(inherited)",
					"@executable_path/Frameworks",
				);
				MARKETING_VERSION = 1.0;
				PRODUCT_BUNDLE_IDENTIFIER = volbap.SwiftfulCrypto;
				PRODUCT_NAME = "$(TARGET_NAME)";
				SWIFT_EMIT_LOC_STRINGS = YES;
				SWIFT_VERSION = 5.0;
				TARGETED_DEVICE_FAMILY = "1,2";
			};
			name = Debug;
		};
		6ECE25D02C0A564B004B6869 /* Release */ = {
			isa = XCBuildConfiguration;
			buildSettings = {
				ASSETCATALOG_COMPILER_APPICON_NAME = AppIcon;
				ASSETCATALOG_COMPILER_GLOBAL_ACCENT_COLOR_NAME = AccentColor;
				CODE_SIGN_STYLE = Automatic;
				CURRENT_PROJECT_VERSION = 1;
				DEVELOPMENT_ASSET_PATHS = "\"SwiftfulCrypto/Preview Content\"";
				DEVELOPMENT_TEAM = NP44YMLKGT;
				ENABLE_PREVIEWS = YES;
				GENERATE_INFOPLIST_FILE = YES;
				INFOPLIST_KEY_CFBundleDisplayName = "Crypto Tracker";
				INFOPLIST_KEY_UIApplicationSceneManifest_Generation = YES;
				INFOPLIST_KEY_UIApplicationSupportsIndirectInputEvents = YES;
				INFOPLIST_KEY_UILaunchScreen_Generation = YES;
				INFOPLIST_KEY_UISupportedInterfaceOrientations_iPad = "UIInterfaceOrientationPortrait UIInterfaceOrientationPortraitUpsideDown UIInterfaceOrientationLandscapeLeft UIInterfaceOrientationLandscapeRight";
				INFOPLIST_KEY_UISupportedInterfaceOrientations_iPhone = "UIInterfaceOrientationPortrait UIInterfaceOrientationLandscapeLeft UIInterfaceOrientationLandscapeRight";
				LD_RUNPATH_SEARCH_PATHS = (
					"$(inherited)",
					"@executable_path/Frameworks",
				);
				MARKETING_VERSION = 1.0;
				PRODUCT_BUNDLE_IDENTIFIER = volbap.SwiftfulCrypto;
				PRODUCT_NAME = "$(TARGET_NAME)";
				SWIFT_EMIT_LOC_STRINGS = YES;
				SWIFT_VERSION = 5.0;
				TARGETED_DEVICE_FAMILY = "1,2";
			};
			name = Release;
		};
/* End XCBuildConfiguration section */

/* Begin XCConfigurationList section */
		6ECE25BB2C0A5649004B6869 /* Build configuration list for PBXProject "SwiftfulCrypto" */ = {
			isa = XCConfigurationList;
			buildConfigurations = (
				6ECE25CC2C0A564B004B6869 /* Debug */,
				6ECE25CD2C0A564B004B6869 /* Release */,
			);
			defaultConfigurationIsVisible = 0;
			defaultConfigurationName = Release;
		};
		6ECE25CE2C0A564B004B6869 /* Build configuration list for PBXNativeTarget "SwiftfulCrypto" */ = {
			isa = XCConfigurationList;
			buildConfigurations = (
				6ECE25CF2C0A564B004B6869 /* Debug */,
				6ECE25D02C0A564B004B6869 /* Release */,
			);
			defaultConfigurationIsVisible = 0;
			defaultConfigurationName = Release;
		};
/* End XCConfigurationList section */

/* Begin XCVersionGroup section */
		6EDB20402C110263001EB9E8 /* PortfolioContainer.xcdatamodeld */ = {
			isa = XCVersionGroup;
			children = (
				6EDB20412C110263001EB9E8 /* PortfolioContainer.xcdatamodel */,
			);
			currentVersion = 6EDB20412C110263001EB9E8 /* PortfolioContainer.xcdatamodel */;
			name = PortfolioContainer.xcdatamodeld;
			path = /Users/pablo/Desktop/Projects/SwiftfulCrypto/SwiftfulCrypto/Models/PortfolioContainer.xcdatamodeld;
			sourceTree = "<group>";
			versionGroupType = wrapper.xcdatamodel;
		};
/* End XCVersionGroup section */
	};
	rootObject = 6ECE25B82C0A5649004B6869 /* Project object */;
}
